
Microsoft Visual Studio Solution File, Format Version 12.00
# Visual Studio Version 17
VisualStudioVersion = 17.10.34928.147
MinimumVisualStudioVersion = 10.0.40219.1
Project("{2150E333-8FDC-42A3-9474-1A3956D46DE8}") = "src", "src", "{573FDEEC-68D3-4BA7-838E-7DB3CD0D86BA}"
EndProject
Project("{2150E333-8FDC-42A3-9474-1A3956D46DE8}") = "BackEnd", "BackEnd", "{07E34297-868C-412A-9374-C043FE812653}"
EndProject
Project("{2150E333-8FDC-42A3-9474-1A3956D46DE8}") = "FrontEnd", "FrontEnd", "{41F47052-BCCF-4644-BF01-027C84BFAE6C}"
EndProject
Project("{2150E333-8FDC-42A3-9474-1A3956D46DE8}") = "Common", "Common", "{83697D8D-8C7B-4AFA-B8BC-17AAF2965C05}"
EndProject
Project("{2150E333-8FDC-42A3-9474-1A3956D46DE8}") = "Infraestructure", "Infraestructure", "{DCADCB6C-E1A9-42D3-90BA-2F15EAD8453D}"
EndProject
Project("{2150E333-8FDC-42A3-9474-1A3956D46DE8}") = "Base", "Base", "{5B69B87A-9B50-4378-8923-849D9BD54567}"
EndProject
Project("{2150E333-8FDC-42A3-9474-1A3956D46DE8}") = "logger", "logger", "{DA7BDCD0-5129-4DFB-9EC4-E01DEA8D2B5D}"
EndProject
Project("{2150E333-8FDC-42A3-9474-1A3956D46DE8}") = "Notification", "Notification", "{4CAAD316-E007-4D2A-A4D8-28735A7E728D}"
EndProject
Project("{2150E333-8FDC-42A3-9474-1A3956D46DE8}") = "Modules", "Modules", "{D5133D37-96B8-4BC1-847A-E00A82507C9B}"
EndProject
Project("{2150E333-8FDC-42A3-9474-1A3956D46DE8}") = "Cliente Management", "Cliente Management", "{C07D51E2-D319-4C4B-91DC-B40295C34B23}"
EndProject
Project("{2150E333-8FDC-42A3-9474-1A3956D46DE8}") = "Apis", "Apis", "{B8E7B8F8-D6E5-40A6-A51E-13DF9F5FFA90}"
EndProject
Project("{2150E333-8FDC-42A3-9474-1A3956D46DE8}") = "Application", "Application", "{51AE7771-D46B-44AA-BD37-7C8EC0999AEE}"
EndProject
Project("{2150E333-8FDC-42A3-9474-1A3956D46DE8}") = "Domain", "Domain", "{FD340155-525F-4DE8-A287-539CA84CB137}"
EndProject
Project("{2150E333-8FDC-42A3-9474-1A3956D46DE8}") = "Persistance", "Persistance", "{7EC1DD44-943C-4C49-92AF-9CD6F58B2B28}"
EndProject
Project("{2150E333-8FDC-42A3-9474-1A3956D46DE8}") = "Factura Management", "Factura Management", "{DFF83236-0C59-4467-842D-66250AE61017}"
EndProject
Project("{2150E333-8FDC-42A3-9474-1A3956D46DE8}") = "Apis", "Apis", "{3162219A-E157-49BA-979E-0B831D06A1BC}"
EndProject
Project("{2150E333-8FDC-42A3-9474-1A3956D46DE8}") = "Application", "Application", "{4E17106F-8A22-4F6F-BEA0-F241053F5226}"
EndProject
Project("{2150E333-8FDC-42A3-9474-1A3956D46DE8}") = "Domain", "Domain", "{5E4D8A6F-B916-4891-92C2-C711494E5E6B}"
EndProject
Project("{2150E333-8FDC-42A3-9474-1A3956D46DE8}") = "Persistance", "Persistance", "{3F18ED93-C579-4EF5-8740-DC0474624772}"
EndProject
Project("{2150E333-8FDC-42A3-9474-1A3956D46DE8}") = "Mesa Management", "Mesa Management", "{19EC2DFC-950B-417B-87B9-57DD9D2E260B}"
EndProject
Project("{2150E333-8FDC-42A3-9474-1A3956D46DE8}") = "Apis", "Apis", "{4524FDF9-7ABA-46E1-B7F4-AA591E5961C2}"
EndProject
Project("{2150E333-8FDC-42A3-9474-1A3956D46DE8}") = "Aplication", "Aplication", "{4781FCE5-A77E-4440-8835-B6E789F14A18}"
EndProject
Project("{2150E333-8FDC-42A3-9474-1A3956D46DE8}") = "Domain", "Domain", "{B5DCCE31-03F4-4A8A-A942-F0099B358385}"
EndProject
Project("{2150E333-8FDC-42A3-9474-1A3956D46DE8}") = "Persistance", "Persistance", "{ED4C4A00-AE04-4906-A12E-ECCC0370665A}"
EndProject
Global
	GlobalSection(SolutionProperties) = preSolution
		HideSolutionNode = FALSE
	EndGlobalSection
	GlobalSection(NestedProjects) = preSolution
		{07E34297-868C-412A-9374-C043FE812653} = {573FDEEC-68D3-4BA7-838E-7DB3CD0D86BA}
		{41F47052-BCCF-4644-BF01-027C84BFAE6C} = {573FDEEC-68D3-4BA7-838E-7DB3CD0D86BA}
		{83697D8D-8C7B-4AFA-B8BC-17AAF2965C05} = {07E34297-868C-412A-9374-C043FE812653}
		{DCADCB6C-E1A9-42D3-90BA-2F15EAD8453D} = {07E34297-868C-412A-9374-C043FE812653}
		{5B69B87A-9B50-4378-8923-849D9BD54567} = {DCADCB6C-E1A9-42D3-90BA-2F15EAD8453D}
		{DA7BDCD0-5129-4DFB-9EC4-E01DEA8D2B5D} = {DCADCB6C-E1A9-42D3-90BA-2F15EAD8453D}
		{4CAAD316-E007-4D2A-A4D8-28735A7E728D} = {DCADCB6C-E1A9-42D3-90BA-2F15EAD8453D}
		{D5133D37-96B8-4BC1-847A-E00A82507C9B} = {07E34297-868C-412A-9374-C043FE812653}
		{C07D51E2-D319-4C4B-91DC-B40295C34B23} = {D5133D37-96B8-4BC1-847A-E00A82507C9B}
		{B8E7B8F8-D6E5-40A6-A51E-13DF9F5FFA90} = {C07D51E2-D319-4C4B-91DC-B40295C34B23}
		{51AE7771-D46B-44AA-BD37-7C8EC0999AEE} = {C07D51E2-D319-4C4B-91DC-B40295C34B23}
		{FD340155-525F-4DE8-A287-539CA84CB137} = {C07D51E2-D319-4C4B-91DC-B40295C34B23}
		{7EC1DD44-943C-4C49-92AF-9CD6F58B2B28} = {C07D51E2-D319-4C4B-91DC-B40295C34B23}
		{DFF83236-0C59-4467-842D-66250AE61017} = {D5133D37-96B8-4BC1-847A-E00A82507C9B}
		{3162219A-E157-49BA-979E-0B831D06A1BC} = {DFF83236-0C59-4467-842D-66250AE61017}
		{4E17106F-8A22-4F6F-BEA0-F241053F5226} = {DFF83236-0C59-4467-842D-66250AE61017}
		{5E4D8A6F-B916-4891-92C2-C711494E5E6B} = {DFF83236-0C59-4467-842D-66250AE61017}
		{3F18ED93-C579-4EF5-8740-DC0474624772} = {DFF83236-0C59-4467-842D-66250AE61017}
		{19EC2DFC-950B-417B-87B9-57DD9D2E260B} = {D5133D37-96B8-4BC1-847A-E00A82507C9B}
		{4524FDF9-7ABA-46E1-B7F4-AA591E5961C2} = {19EC2DFC-950B-417B-87B9-57DD9D2E260B}
		{4781FCE5-A77E-4440-8835-B6E789F14A18} = {19EC2DFC-950B-417B-87B9-57DD9D2E260B}
		{B5DCCE31-03F4-4A8A-A942-F0099B358385} = {19EC2DFC-950B-417B-87B9-57DD9D2E260B}
		{ED4C4A00-AE04-4906-A12E-ECCC0370665A} = {19EC2DFC-950B-417B-87B9-57DD9D2E260B}
	EndGlobalSection
	GlobalSection(ExtensibilityGlobals) = postSolution
		SolutionGuid = {55A29087-A380-4E59-A702-D2A9F49B055C}
	EndGlobalSection
EndGlobal
